// !$*UTF8*$!
{
	archiveVersion = 1;
	classes = {
	};
	objectVersion = 56;
	objects = {

/* Begin PBXBuildFile section */
		3321BE582BFB6D0800DCCC4C /* GridView.swift in Sources */ = {isa = PBXBuildFile; fileRef = 3321BE572BFB6D0800DCCC4C /* GridView.swift */; };
		3321BE5F2BFB9F4C00DCCC4C /* Roboto-Italic.ttf in Resources */ = {isa = PBXBuildFile; fileRef = 3321BE5E2BFB9F4C00DCCC4C /* Roboto-Italic.ttf */; };
		335823872BFCBD620001B276 /* SpecialElite-Regular.ttf in Resources */ = {isa = PBXBuildFile; fileRef = 335823862BFCBD620001B276 /* SpecialElite-Regular.ttf */; };
		335823892BFCBE3F0001B276 /* SyneMono-Regular.ttf in Resources */ = {isa = PBXBuildFile; fileRef = 335823882BFCBE3F0001B276 /* SyneMono-Regular.ttf */; };
		3358238B2BFCCD430001B276 /* GridBase.swift in Sources */ = {isa = PBXBuildFile; fileRef = 3358238A2BFCCD430001B276 /* GridBase.swift */; };
		3358238D2BFE190A0001B276 /* ListView.swift in Sources */ = {isa = PBXBuildFile; fileRef = 3358238C2BFE190A0001B276 /* ListView.swift */; };
		3358238F2BFF5EF00001B276 /* Popup.swift in Sources */ = {isa = PBXBuildFile; fileRef = 3358238E2BFF5EF00001B276 /* Popup.swift */; };
		3371792A2BF4E4CB00169829 /* RetroPopAppApp.swift in Sources */ = {isa = PBXBuildFile; fileRef = 337179292BF4E4CB00169829 /* RetroPopAppApp.swift */; };
		3371792C2BF4E4CB00169829 /* ContentView.swift in Sources */ = {isa = PBXBuildFile; fileRef = 3371792B2BF4E4CB00169829 /* ContentView.swift */; };
		3371792E2BF4E4CD00169829 /* Assets.xcassets in Resources */ = {isa = PBXBuildFile; fileRef = 3371792D2BF4E4CD00169829 /* Assets.xcassets */; };
		337179312BF4E4CD00169829 /* Preview Assets.xcassets in Resources */ = {isa = PBXBuildFile; fileRef = 337179302BF4E4CD00169829 /* Preview Assets.xcassets */; };
/* End PBXBuildFile section */

/* Begin PBXFileReference section */
		3321BE572BFB6D0800DCCC4C /* GridView.swift */ = {isa = PBXFileReference; lastKnownFileType = sourcecode.swift; path = GridView.swift; sourceTree = "<group>"; };
		3321BE5E2BFB9F4C00DCCC4C /* Roboto-Italic.ttf */ = {isa = PBXFileReference; lastKnownFileType = file; path = "Roboto-Italic.ttf"; sourceTree = "<group>"; };
		332E9B2D2BF633AF00AD56D8 /* Info.plist */ = {isa = PBXFileReference; lastKnownFileType = text.plist; path = Info.plist; sourceTree = "<group>"; };
		335823862BFCBD620001B276 /* SpecialElite-Regular.ttf */ = {isa = PBXFileReference; lastKnownFileType = file; path = "SpecialElite-Regular.ttf"; sourceTree = "<group>"; };
		335823882BFCBE3F0001B276 /* SyneMono-Regular.ttf */ = {isa = PBXFileReference; lastKnownFileType = file; path = "SyneMono-Regular.ttf"; sourceTree = "<group>"; };
		3358238A2BFCCD430001B276 /* GridBase.swift */ = {isa = PBXFileReference; lastKnownFileType = sourcecode.swift; path = GridBase.swift; sourceTree = "<group>"; };
		3358238C2BFE190A0001B276 /* ListView.swift */ = {isa = PBXFileReference; lastKnownFileType = sourcecode.swift; path = ListView.swift; sourceTree = "<group>"; };
		3358238E2BFF5EF00001B276 /* Popup.swift */ = {isa = PBXFileReference; lastKnownFileType = sourcecode.swift; path = Popup.swift; sourceTree = "<group>"; };
		337179262BF4E4CB00169829 /* RetroPopApp.app */ = {isa = PBXFileReference; explicitFileType = wrapper.application; includeInIndex = 0; path = RetroPopApp.app; sourceTree = BUILT_PRODUCTS_DIR; };
		337179292BF4E4CB00169829 /* RetroPopAppApp.swift */ = {isa = PBXFileReference; lastKnownFileType = sourcecode.swift; path = RetroPopAppApp.swift; sourceTree = "<group>"; };
		3371792B2BF4E4CB00169829 /* ContentView.swift */ = {isa = PBXFileReference; lastKnownFileType = sourcecode.swift; path = ContentView.swift; sourceTree = "<group>"; };
		3371792D2BF4E4CD00169829 /* Assets.xcassets */ = {isa = PBXFileReference; lastKnownFileType = folder.assetcatalog; path = Assets.xcassets; sourceTree = "<group>"; };
		337179302BF4E4CD00169829 /* Preview Assets.xcassets */ = {isa = PBXFileReference; lastKnownFileType = folder.assetcatalog; path = "Preview Assets.xcassets"; sourceTree = "<group>"; };
/* End PBXFileReference section */

/* Begin PBXFrameworksBuildPhase section */
		337179232BF4E4CB00169829 /* Frameworks */ = {
			isa = PBXFrameworksBuildPhase;
			buildActionMask = 2147483647;
			files = (
			);
			runOnlyForDeploymentPostprocessing = 0;
		};
/* End PBXFrameworksBuildPhase section */

/* Begin PBXGroup section */
		3371791D2BF4E4CB00169829 = {
			isa = PBXGroup;
			children = (
				337179282BF4E4CB00169829 /* RetroPopApp */,
				337179272BF4E4CB00169829 /* Products */,
			);
			sourceTree = "<group>";
		};
		337179272BF4E4CB00169829 /* Products */ = {
			isa = PBXGroup;
			children = (
				337179262BF4E4CB00169829 /* RetroPopApp.app */,
			);
			name = Products;
			sourceTree = "<group>";
		};
		337179282BF4E4CB00169829 /* RetroPopApp */ = {
			isa = PBXGroup;
			children = (
				332E9B2D2BF633AF00AD56D8 /* Info.plist */,
				337179292BF4E4CB00169829 /* RetroPopAppApp.swift */,
				3321BE5E2BFB9F4C00DCCC4C /* Roboto-Italic.ttf */,
				335823862BFCBD620001B276 /* SpecialElite-Regular.ttf */,
				335823882BFCBE3F0001B276 /* SyneMono-Regular.ttf */,
				3371792B2BF4E4CB00169829 /* ContentView.swift */,
				3321BE572BFB6D0800DCCC4C /* GridView.swift */,
				3358238C2BFE190A0001B276 /* ListView.swift */,
				3358238A2BFCCD430001B276 /* GridBase.swift */,
				3371792D2BF4E4CD00169829 /* Assets.xcassets */,
				3371792F2BF4E4CD00169829 /* Preview Content */,
				3358238E2BFF5EF00001B276 /* Popup.swift */,
			);
			path = RetroPopApp;
			sourceTree = "<group>";
		};
		3371792F2BF4E4CD00169829 /* Preview Content */ = {
			isa = PBXGroup;
			children = (
				337179302BF4E4CD00169829 /* Preview Assets.xcassets */,
			);
			path = "Preview Content";
			sourceTree = "<group>";
		};
/* End PBXGroup section */

/* Begin PBXNativeTarget section */
		337179252BF4E4CB00169829 /* RetroPopApp */ = {
			isa = PBXNativeTarget;
			buildConfigurationList = 337179342BF4E4CD00169829 /* Build configuration list for PBXNativeTarget "RetroPopApp" */;
			buildPhases = (
				337179222BF4E4CB00169829 /* Sources */,
				337179232BF4E4CB00169829 /* Frameworks */,
				337179242BF4E4CB00169829 /* Resources */,
			);
			buildRules = (
			);
			dependencies = (
			);
			name = RetroPopApp;
			productName = RetroPopApp;
			productReference = 337179262BF4E4CB00169829 /* RetroPopApp.app */;
			productType = "com.apple.product-type.application";
		};
/* End PBXNativeTarget section */

/* Begin PBXProject section */
		3371791E2BF4E4CB00169829 /* Project object */ = {
			isa = PBXProject;
			attributes = {
				BuildIndependentTargetsInParallel = 1;
				LastSwiftUpdateCheck = 1530;
				LastUpgradeCheck = 1530;
				TargetAttributes = {
					337179252BF4E4CB00169829 = {
						CreatedOnToolsVersion = 15.3;
					};
				};
			};
			buildConfigurationList = 337179212BF4E4CB00169829 /* Build configuration list for PBXProject "RetroPopApp" */;
			compatibilityVersion = "Xcode 14.0";
			developmentRegion = en;
			hasScannedForEncodings = 0;
			knownRegions = (
				en,
				Base,
			);
			mainGroup = 3371791D2BF4E4CB00169829;
			productRefGroup = 337179272BF4E4CB00169829 /* Products */;
			projectDirPath = "";
			projectRoot = "";
			targets = (
				337179252BF4E4CB00169829 /* RetroPopApp */,
			);
		};
/* End PBXProject section */

/* Begin PBXResourcesBuildPhase section */
		337179242BF4E4CB00169829 /* Resources */ = {
			isa = PBXResourcesBuildPhase;
			buildActionMask = 2147483647;
			files = (
				3321BE5F2BFB9F4C00DCCC4C /* Roboto-Italic.ttf in Resources */,
				335823872BFCBD620001B276 /* SpecialElite-Regular.ttf in Resources */,
				337179312BF4E4CD00169829 /* Preview Assets.xcassets in Resources */,
				3371792E2BF4E4CD00169829 /* Assets.xcassets in Resources */,
				335823892BFCBE3F0001B276 /* SyneMono-Regular.ttf in Resources */,
			);
			runOnlyForDeploymentPostprocessing = 0;
		};
/* End PBXResourcesBuildPhase section */

/* Begin PBXSourcesBuildPhase section */
		337179222BF4E4CB00169829 /* Sources */ = {
			isa = PBXSourcesBuildPhase;
			buildActionMask = 2147483647;
			files = (
				3358238F2BFF5EF00001B276 /* Popup.swift in Sources */,
				3371792C2BF4E4CB00169829 /* ContentView.swift in Sources */,
				3321BE582BFB6D0800DCCC4C /* GridView.swift in Sources */,
				3358238D2BFE190A0001B276 /* ListView.swift in Sources */,
				3358238B2BFCCD430001B276 /* GridBase.swift in Sources */,
				3371792A2BF4E4CB00169829 /* RetroPopAppApp.swift in Sources */,
			);
			runOnlyForDeploymentPostprocessing = 0;
		};
/* End PBXSourcesBuildPhase section */

/* Begin XCBuildConfiguration section */
		337179322BF4E4CD00169829 /* Debug */ = {
			isa = XCBuildConfiguration;
			buildSettings = {
				ALWAYS_SEARCH_USER_PATHS = NO;
				ASSETCATALOG_COMPILER_GENERATE_SWIFT_ASSET_SYMBOL_EXTENSIONS = YES;
				CLANG_ANALYZER_NONNULL = YES;
				CLANG_ANALYZER_NUMBER_OBJECT_CONVERSION = YES_AGGRESSIVE;
				CLANG_CXX_LANGUAGE_STANDARD = "gnu++20";
				CLANG_ENABLE_MODULES = YES;
				CLANG_ENABLE_OBJC_ARC = YES;
				CLANG_ENABLE_OBJC_WEAK = YES;
				CLANG_WARN_BLOCK_CAPTURE_AUTORELEASING = YES;
				CLANG_WARN_BOOL_CONVERSION = YES;
				CLANG_WARN_COMMA = YES;
				CLANG_WARN_CONSTANT_CONVERSION = YES;
				CLANG_WARN_DEPRECATED_OBJC_IMPLEMENTATIONS = YES;
				CLANG_WARN_DIRECT_OBJC_ISA_USAGE = YES_ERROR;
				CLANG_WARN_DOCUMENTATION_COMMENTS = YES;
				CLANG_WARN_EMPTY_BODY = YES;
				CLANG_WARN_ENUM_CONVERSION = YES;
				CLANG_WARN_INFINITE_RECURSION = YES;
				CLANG_WARN_INT_CONVERSION = YES;
				CLANG_WARN_NON_LITERAL_NULL_CONVERSION = YES;
				CLANG_WARN_OBJC_IMPLICIT_RETAIN_SELF = YES;
				CLANG_WARN_OBJC_LITERAL_CONVERSION = YES;
				CLANG_WARN_OBJC_ROOT_CLASS = YES_ERROR;
				CLANG_WARN_QUOTED_INCLUDE_IN_FRAMEWORK_HEADER = YES;
				CLANG_WARN_RANGE_LOOP_ANALYSIS = YES;
				CLANG_WARN_STRICT_PROTOTYPES = YES;
				CLANG_WARN_SUSPICIOUS_MOVE = YES;
				CLANG_WARN_UNGUARDED_AVAILABILITY = YES_AGGRESSIVE;
				CLANG_WARN_UNREACHABLE_CODE = YES;
				CLANG_WARN__DUPLICATE_METHOD_MATCH = YES;
				COPY_PHASE_STRIP = NO;
				DEBUG_INFORMATION_FORMAT = dwarf;
				ENABLE_STRICT_OBJC_MSGSEND = YES;
				ENABLE_TESTABILITY = YES;
				ENABLE_USER_SCRIPT_SANDBOXING = YES;
				GCC_C_LANGUAGE_STANDARD = gnu17;
				GCC_DYNAMIC_NO_PIC = NO;
				GCC_NO_COMMON_BLOCKS = YES;
				GCC_OPTIMIZATION_LEVEL = 0;
				GCC_PREPROCESSOR_DEFINITIONS = (
					"DEBUG=1",
					"$(inherited)",
				);
				GCC_WARN_64_TO_32_BIT_CONVERSION = YES;
				GCC_WARN_ABOUT_RETURN_TYPE = YES_ERROR;
				GCC_WARN_UNDECLARED_SELECTOR = YES;
				GCC_WARN_UNINITIALIZED_AUTOS = YES_AGGRESSIVE;
				GCC_WARN_UNUSED_FUNCTION = YES;
				GCC_WARN_UNUSED_VARIABLE = YES;
				IPHONEOS_DEPLOYMENT_TARGET = 17.4;
				LOCALIZATION_PREFERS_STRING_CATALOGS = YES;
				MTL_ENABLE_DEBUG_INFO = INCLUDE_SOURCE;
				MTL_FAST_MATH = YES;
				ONLY_ACTIVE_ARCH = YES;
				SDKROOT = iphoneos;
				SWIFT_ACTIVE_COMPILATION_CONDITIONS = "DEBUG $(inherited)";
				SWIFT_OPTIMIZATION_LEVEL = "-Onone";
			};
			name = Debug;
		};
		337179332BF4E4CD00169829 /* Release */ = {
			isa = XCBuildConfiguration;
			buildSettings = {
				ALWAYS_SEARCH_USER_PATHS = NO;
				ASSETCATALOG_COMPILER_GENERATE_SWIFT_ASSET_SYMBOL_EXTENSIONS = YES;
				CLANG_ANALYZER_NONNULL = YES;
				CLANG_ANALYZER_NUMBER_OBJECT_CONVERSION = YES_AGGRESSIVE;
				CLANG_CXX_LANGUAGE_STANDARD = "gnu++20";
				CLANG_ENABLE_MODULES = YES;
				CLANG_ENABLE_OBJC_ARC = YES;
				CLANG_ENABLE_OBJC_WEAK = YES;
				CLANG_WARN_BLOCK_CAPTURE_AUTORELEASING = YES;
				CLANG_WARN_BOOL_CONVERSION = YES;
				CLANG_WARN_COMMA = YES;
				CLANG_WARN_CONSTANT_CONVERSION = YES;
				CLANG_WARN_DEPRECATED_OBJC_IMPLEMENTATIONS = YES;
				CLANG_WARN_DIRECT_OBJC_ISA_USAGE = YES_ERROR;
				CLANG_WARN_DOCUMENTATION_COMMENTS = YES;
				CLANG_WARN_EMPTY_BODY = YES;
				CLANG_WARN_ENUM_CONVERSION = YES;
				CLANG_WARN_INFINITE_RECURSION = YES;
				CLANG_WARN_INT_CONVERSION = YES;
				CLANG_WARN_NON_LITERAL_NULL_CONVERSION = YES;
				CLANG_WARN_OBJC_IMPLICIT_RETAIN_SELF = YES;
				CLANG_WARN_OBJC_LITERAL_CONVERSION = YES;
				CLANG_WARN_OBJC_ROOT_CLASS = YES_ERROR;
				CLANG_WARN_QUOTED_INCLUDE_IN_FRAMEWORK_HEADER = YES;
				CLANG_WARN_RANGE_LOOP_ANALYSIS = YES;
				CLANG_WARN_STRICT_PROTOTYPES = YES;
				CLANG_WARN_SUSPICIOUS_MOVE = YES;
				CLANG_WARN_UNGUARDED_AVAILABILITY = YES_AGGRESSIVE;
				CLANG_WARN_UNREACHABLE_CODE = YES;
				CLANG_WARN__DUPLICATE_METHOD_MATCH = YES;
				COPY_PHASE_STRIP = NO;
				DEBUG_INFORMATION_FORMAT = "dwarf-with-dsym";
				ENABLE_NS_ASSERTIONS = NO;
				ENABLE_STRICT_OBJC_MSGSEND = YES;
				ENABLE_USER_SCRIPT_SANDBOXING = YES;
				GCC_C_LANGUAGE_STANDARD = gnu17;
				GCC_NO_COMMON_BLOCKS = YES;
				GCC_WARN_64_TO_32_BIT_CONVERSION = YES;
				GCC_WARN_ABOUT_RETURN_TYPE = YES_ERROR;
				GCC_WARN_UNDECLARED_SELECTOR = YES;
				GCC_WARN_UNINITIALIZED_AUTOS = YES_AGGRESSIVE;
				GCC_WARN_UNUSED_FUNCTION = YES;
				GCC_WARN_UNUSED_VARIABLE = YES;
				IPHONEOS_DEPLOYMENT_TARGET = 17.4;
				LOCALIZATION_PREFERS_STRING_CATALOGS = YES;
				MTL_ENABLE_DEBUG_INFO = NO;
				MTL_FAST_MATH = YES;
				SDKROOT = iphoneos;
				SWIFT_COMPILATION_MODE = wholemodule;
				VALIDATE_PRODUCT = YES;
			};
			name = Release;
		};
		337179352BF4E4CD00169829 /* Debug */ = {
			isa = XCBuildConfiguration;
			buildSettings = {
				ASSETCATALOG_COMPILER_APPICON_NAME = AppIcon;
				ASSETCATALOG_COMPILER_GLOBAL_ACCENT_COLOR_NAME = AccentColor;
				CODE_SIGN_STYLE = Automatic;
				CURRENT_PROJECT_VERSION = 1;
				DEVELOPMENT_ASSET_PATHS = "\"RetroPopApp/Preview Content\"";
				ENABLE_PREVIEWS = YES;
				GENERATE_INFOPLIST_FILE = YES;
				INFOPLIST_FILE = RetroPopApp/Info.plist;
				INFOPLIST_KEY_CFBundleDisplayName = "";
				INFOPLIST_KEY_UIApplicationSceneManifest_Generation = YES;
				INFOPLIST_KEY_UIApplicationSupportsIndirectInputEvents = YES;
				INFOPLIST_KEY_UILaunchScreen_Generation = YES;
				INFOPLIST_KEY_UISupportedInterfaceOrientations_iPad = "UIInterfaceOrientationPortrait UIInterfaceOrientationPortraitUpsideDown UIInterfaceOrientationLandscapeLeft UIInterfaceOrientationLandscapeRight";
				INFOPLIST_KEY_UISupportedInterfaceOrientations_iPhone = "UIInterfaceOrientationPortrait UIInterfaceOrientationLandscapeLeft UIInterfaceOrientationLandscapeRight";
				LD_RUNPATH_SEARCH_PATHS = (
					"$(inherited)",
					"@executable_path/Frameworks",
				);
				MARKETING_VERSION = 1.0;
				PRODUCT_BUNDLE_IDENTIFIER = br.livtrndd.RetroPopApp;
				PRODUCT_NAME = "$(TARGET_NAME)";
				SWIFT_EMIT_LOC_STRINGS = YES;
				SWIFT_VERSION = 5.0;
				TARGETED_DEVICE_FAMILY = "1,2";
			};
			name = Debug;
		};
		337179362BF4E4CD00169829 /* Release */ = {
			isa = XCBuildConfiguration;
			buildSettings = {
				ASSETCATALOG_COMPILER_APPICON_NAME = AppIcon;
				ASSETCATALOG_COMPILER_GLOBAL_ACCENT_COLOR_NAME = AccentColor;
				CODE_SIGN_STYLE = Automatic;
				CURRENT_PROJECT_VERSION = 1;
				DEVELOPMENT_ASSET_PATHS = "\"RetroPopApp/Preview Content\"";
				ENABLE_PREVIEWS = YES;
				GENERATE_INFOPLIST_FILE = YES;
				INFOPLIST_FILE = RetroPopApp/Info.plist;
				INFOPLIST_KEY_CFBundleDisplayName = "";
				INFOPLIST_KEY_UIApplicationSceneManifest_Generation = YES;
				INFOPLIST_KEY_UIApplicationSupportsIndirectInputEvents = YES;
				INFOPLIST_KEY_UILaunchScreen_Generation = YES;
				INFOPLIST_KEY_UISupportedInterfaceOrientations_iPad = "UIInterfaceOrientationPortrait UIInterfaceOrientationPortraitUpsideDown UIInterfaceOrientationLandscapeLeft UIInterfaceOrientationLandscapeRight";
				INFOPLIST_KEY_UISupportedInterfaceOrientations_iPhone = "UIInterfaceOrientationPortrait UIInterfaceOrientationLandscapeLeft UIInterfaceOrientationLandscapeRight";
				LD_RUNPATH_SEARCH_PATHS = (
					"$(inherited)",
					"@executable_path/Frameworks",
				);
				MARKETING_VERSION = 1.0;
				PRODUCT_BUNDLE_IDENTIFIER = br.livtrndd.RetroPopApp;
				PRODUCT_NAME = "$(TARGET_NAME)";
				SWIFT_EMIT_LOC_STRINGS = YES;
				SWIFT_VERSION = 5.0;
				TARGETED_DEVICE_FAMILY = "1,2";
			};
			name = Release;
		};
/* End XCBuildConfiguration section */

/* Begin XCConfigurationList section */
		337179212BF4E4CB00169829 /* Build configuration list for PBXProject "RetroPopApp" */ = {
			isa = XCConfigurationList;
			buildConfigurations = (
				337179322BF4E4CD00169829 /* Debug */,
				337179332BF4E4CD00169829 /* Release */,
			);
			defaultConfigurationIsVisible = 0;
			defaultConfigurationName = Release;
		};
		337179342BF4E4CD00169829 /* Build configuration list for PBXNativeTarget "RetroPopApp" */ = {
			isa = XCConfigurationList;
			buildConfigurations = (
				337179352BF4E4CD00169829 /* Debug */,
				337179362BF4E4CD00169829 /* Release */,
			);
			defaultConfigurationIsVisible = 0;
			defaultConfigurationName = Release;
		};
/* End XCConfigurationList section */
	};
	rootObject = 3371791E2BF4E4CB00169829 /* Project object */;
}
